// !$*UTF8*$!
{
	archiveVersion = 1;
	classes = {
	};
	objectVersion = 48;
	objects = {

/* Begin PBXBuildFile section */
		9F55A1851FAE345D00AC560C /* AppDelegate.swift in Sources */ = {isa = PBXBuildFile; fileRef = 9F55A1841FAE345D00AC560C /* AppDelegate.swift */; };
		9F55A1871FAE345D00AC560C /* ViewController.swift in Sources */ = {isa = PBXBuildFile; fileRef = 9F55A1861FAE345D00AC560C /* ViewController.swift */; };
		9F55A18A1FAE345D00AC560C /* Main.storyboard in Resources */ = {isa = PBXBuildFile; fileRef = 9F55A1881FAE345D00AC560C /* Main.storyboard */; };
		9F55A18C1FAE345D00AC560C /* Assets.xcassets in Resources */ = {isa = PBXBuildFile; fileRef = 9F55A18B1FAE345D00AC560C /* Assets.xcassets */; };
		9F55A18F1FAE345D00AC560C /* LaunchScreen.storyboard in Resources */ = {isa = PBXBuildFile; fileRef = 9F55A18D1FAE345D00AC560C /* LaunchScreen.storyboard */; };
		9FE7D5ED1FAE5F2300B38429 /* EquipmentsDefault.plist in Resources */ = {isa = PBXBuildFile; fileRef = 9FE7D5EC1FAE5F2300B38429 /* EquipmentsDefault.plist */; };
		9FE7D5EF1FAE5F8500B38429 /* DataCenter.swift in Sources */ = {isa = PBXBuildFile; fileRef = 9FE7D5EE1FAE5F8500B38429 /* DataCenter.swift */; };
		9FE7D5F11FAE6B6400B38429 /* RoomInfoViewController.swift in Sources */ = {isa = PBXBuildFile; fileRef = 9FE7D5F01FAE6B6400B38429 /* RoomInfoViewController.swift */; };
		9FE7D5F31FAE74E900B38429 /* BranchListViewController.swift in Sources */ = {isa = PBXBuildFile; fileRef = 9FE7D5F21FAE74E900B38429 /* BranchListViewController.swift */; };
		9FE7D5F51FAE750500B38429 /* EquipmentsListViewController.swift in Sources */ = {isa = PBXBuildFile; fileRef = 9FE7D5F41FAE750500B38429 /* EquipmentsListViewController.swift */; };
		9FE7D5F71FAE751700B38429 /* MeetingRoomsListController.swift in Sources */ = {isa = PBXBuildFile; fileRef = 9FE7D5F61FAE751700B38429 /* MeetingRoomsListController.swift */; };
		9FE7D5F91FAE752B00B38429 /* ReservationListViewController.swift in Sources */ = {isa = PBXBuildFile; fileRef = 9FE7D5F81FAE752B00B38429 /* ReservationListViewController.swift */; };
		9FE7D5FB1FAE754100B38429 /* ReserveRoomViewController.swift in Sources */ = {isa = PBXBuildFile; fileRef = 9FE7D5FA1FAE754100B38429 /* ReserveRoomViewController.swift */; };
		9FE7D5FD1FAE755800B38429 /* ServiceListViewController.swift in Sources */ = {isa = PBXBuildFile; fileRef = 9FE7D5FC1FAE755800B38429 /* ServiceListViewController.swift */; };
		9FE7D5FF1FAE758C00B38429 /* TintColorViewController.swift in Sources */ = {isa = PBXBuildFile; fileRef = 9FE7D5FE1FAE758C00B38429 /* TintColorViewController.swift */; };
/* End PBXBuildFile section */

/* Begin PBXFileReference section */
		9F55A1811FAE345D00AC560C /* MeetingRoomsDynamic.app */ = {isa = PBXFileReference; explicitFileType = wrapper.application; includeInIndex = 0; path = MeetingRoomsDynamic.app; sourceTree = BUILT_PRODUCTS_DIR; };
		9F55A1841FAE345D00AC560C /* AppDelegate.swift */ = {isa = PBXFileReference; lastKnownFileType = sourcecode.swift; path = AppDelegate.swift; sourceTree = "<group>"; };
		9F55A1861FAE345D00AC560C /* ViewController.swift */ = {isa = PBXFileReference; lastKnownFileType = sourcecode.swift; path = ViewController.swift; sourceTree = "<group>"; };
		9F55A1891FAE345D00AC560C /* Base */ = {isa = PBXFileReference; lastKnownFileType = file.storyboard; name = Base; path = Base.lproj/Main.storyboard; sourceTree = "<group>"; };
		9F55A18B1FAE345D00AC560C /* Assets.xcassets */ = {isa = PBXFileReference; lastKnownFileType = folder.assetcatalog; path = Assets.xcassets; sourceTree = "<group>"; };
		9F55A18E1FAE345D00AC560C /* Base */ = {isa = PBXFileReference; lastKnownFileType = file.storyboard; name = Base; path = Base.lproj/LaunchScreen.storyboard; sourceTree = "<group>"; };
		9F55A1901FAE345D00AC560C /* Info.plist */ = {isa = PBXFileReference; lastKnownFileType = text.plist.xml; path = Info.plist; sourceTree = "<group>"; };
		9FE7D5EC1FAE5F2300B38429 /* EquipmentsDefault.plist */ = {isa = PBXFileReference; fileEncoding = 4; lastKnownFileType = text.plist.xml; path = EquipmentsDefault.plist; sourceTree = "<group>"; };
		9FE7D5EE1FAE5F8500B38429 /* DataCenter.swift */ = {isa = PBXFileReference; lastKnownFileType = sourcecode.swift; path = DataCenter.swift; sourceTree = "<group>"; };
		9FE7D5F01FAE6B6400B38429 /* RoomInfoViewController.swift */ = {isa = PBXFileReference; lastKnownFileType = sourcecode.swift; path = RoomInfoViewController.swift; sourceTree = "<group>"; };
		9FE7D5F21FAE74E900B38429 /* BranchListViewController.swift */ = {isa = PBXFileReference; lastKnownFileType = sourcecode.swift; path = BranchListViewController.swift; sourceTree = "<group>"; };
		9FE7D5F41FAE750500B38429 /* EquipmentsListViewController.swift */ = {isa = PBXFileReference; lastKnownFileType = sourcecode.swift; path = EquipmentsListViewController.swift; sourceTree = "<group>"; };
		9FE7D5F61FAE751700B38429 /* MeetingRoomsListController.swift */ = {isa = PBXFileReference; lastKnownFileType = sourcecode.swift; path = MeetingRoomsListController.swift; sourceTree = "<group>"; };
		9FE7D5F81FAE752B00B38429 /* ReservationListViewController.swift */ = {isa = PBXFileReference; lastKnownFileType = sourcecode.swift; path = ReservationListViewController.swift; sourceTree = "<group>"; };
		9FE7D5FA1FAE754100B38429 /* ReserveRoomViewController.swift */ = {isa = PBXFileReference; lastKnownFileType = sourcecode.swift; path = ReserveRoomViewController.swift; sourceTree = "<group>"; };
		9FE7D5FC1FAE755800B38429 /* ServiceListViewController.swift */ = {isa = PBXFileReference; lastKnownFileType = sourcecode.swift; path = ServiceListViewController.swift; sourceTree = "<group>"; };
		9FE7D5FE1FAE758C00B38429 /* TintColorViewController.swift */ = {isa = PBXFileReference; lastKnownFileType = sourcecode.swift; path = TintColorViewController.swift; sourceTree = "<group>"; };
/* End PBXFileReference section */

/* Begin PBXFrameworksBuildPhase section */
		9F55A17E1FAE345D00AC560C /* Frameworks */ = {
			isa = PBXFrameworksBuildPhase;
			buildActionMask = 2147483647;
			files = (
			);
			runOnlyForDeploymentPostprocessing = 0;
		};
/* End PBXFrameworksBuildPhase section */

/* Begin PBXGroup section */
		9F55A1781FAE345D00AC560C = {
			isa = PBXGroup;
			children = (
				9F55A1831FAE345D00AC560C /* MeetingRoomsDynamic */,
				9F55A1821FAE345D00AC560C /* Products */,
			);
			sourceTree = "<group>";
		};
		9F55A1821FAE345D00AC560C /* Products */ = {
			isa = PBXGroup;
			children = (
				9F55A1811FAE345D00AC560C /* MeetingRoomsDynamic.app */,
			);
			name = Products;
			sourceTree = "<group>";
		};
		9F55A1831FAE345D00AC560C /* MeetingRoomsDynamic */ = {
			isa = PBXGroup;
			children = (
				9F55A1841FAE345D00AC560C /* AppDelegate.swift */,
				9FE7D5EE1FAE5F8500B38429 /* DataCenter.swift */,
				9F55A1861FAE345D00AC560C /* ViewController.swift */,
				9FE7D5FE1FAE758C00B38429 /* TintColorViewController.swift */,
				9FE7D5F01FAE6B6400B38429 /* RoomInfoViewController.swift */,
				9FE7D5F21FAE74E900B38429 /* BranchListViewController.swift */,
				9FE7D5FC1FAE755800B38429 /* ServiceListViewController.swift */,
				9FE7D5F61FAE751700B38429 /* MeetingRoomsListController.swift */,
				9FE7D5F81FAE752B00B38429 /* ReservationListViewController.swift */,
				9FE7D5FA1FAE754100B38429 /* ReserveRoomViewController.swift */,
				9FE7D5F41FAE750500B38429 /* EquipmentsListViewController.swift */,
				9F55A1881FAE345D00AC560C /* Main.storyboard */,
				9F55A18B1FAE345D00AC560C /* Assets.xcassets */,
				9F55A18D1FAE345D00AC560C /* LaunchScreen.storyboard */,
				9FE7D5EC1FAE5F2300B38429 /* EquipmentsDefault.plist */,
				9F55A1901FAE345D00AC560C /* Info.plist */,
			);
			path = MeetingRoomsDynamic;
			sourceTree = "<group>";
		};
/* End PBXGroup section */

/* Begin PBXNativeTarget section */
		9F55A1801FAE345D00AC560C /* MeetingRoomsDynamic */ = {
			isa = PBXNativeTarget;
			buildConfigurationList = 9F55A1931FAE345D00AC560C /* Build configuration list for PBXNativeTarget "MeetingRoomsDynamic" */;
			buildPhases = (
				9F55A17D1FAE345D00AC560C /* Sources */,
				9F55A17E1FAE345D00AC560C /* Frameworks */,
				9F55A17F1FAE345D00AC560C /* Resources */,
			);
			buildRules = (
			);
			dependencies = (
			);
			name = MeetingRoomsDynamic;
			productName = MeetingRoomsDynamic;
			productReference = 9F55A1811FAE345D00AC560C /* MeetingRoomsDynamic.app */;
			productType = "com.apple.product-type.application";
		};
/* End PBXNativeTarget section */

/* Begin PBXProject section */
		9F55A1791FAE345D00AC560C /* Project object */ = {
			isa = PBXProject;
			attributes = {
				LastSwiftUpdateCheck = 0900;
				LastUpgradeCheck = 0900;
				ORGANIZATIONNAME = "Hakyung Noah";
				TargetAttributes = {
					9F55A1801FAE345D00AC560C = {
						CreatedOnToolsVersion = 9.0;
						ProvisioningStyle = Automatic;
					};
				};
			};
			buildConfigurationList = 9F55A17C1FAE345D00AC560C /* Build configuration list for PBXProject "MeetingRoomsDynamic" */;
			compatibilityVersion = "Xcode 8.0";
			developmentRegion = en;
			hasScannedForEncodings = 0;
			knownRegions = (
				en,
				Base,
			);
			mainGroup = 9F55A1781FAE345D00AC560C;
			productRefGroup = 9F55A1821FAE345D00AC560C /* Products */;
			projectDirPath = "";
			projectRoot = "";
			targets = (
				9F55A1801FAE345D00AC560C /* MeetingRoomsDynamic */,
			);
		};
/* End PBXProject section */

/* Begin PBXResourcesBuildPhase section */
		9F55A17F1FAE345D00AC560C /* Resources */ = {
			isa = PBXResourcesBuildPhase;
			buildActionMask = 2147483647;
			files = (
				9F55A18F1FAE345D00AC560C /* LaunchScreen.storyboard in Resources */,
				9FE7D5ED1FAE5F2300B38429 /* EquipmentsDefault.plist in Resources */,
				9F55A18C1FAE345D00AC560C /* Assets.xcassets in Resources */,
				9F55A18A1FAE345D00AC560C /* Main.storyboard in Resources */,
			);
			runOnlyForDeploymentPostprocessing = 0;
		};
/* End PBXResourcesBuildPhase section */

/* Begin PBXSourcesBuildPhase section */
		9F55A17D1FAE345D00AC560C /* Sources */ = {
			isa = PBXSourcesBuildPhase;
			buildActionMask = 2147483647;
			files = (
				9FE7D5FD1FAE755800B38429 /* ServiceListViewController.swift in Sources */,
				9FE7D5EF1FAE5F8500B38429 /* DataCenter.swift in Sources */,
				9F55A1871FAE345D00AC560C /* ViewController.swift in Sources */,
				9F55A1851FAE345D00AC560C /* AppDelegate.swift in Sources */,
				9FE7D5FF1FAE758C00B38429 /* TintColorViewController.swift in Sources */,
				9FE7D5F91FAE752B00B38429 /* ReservationListViewController.swift in Sources */,
				9FE7D5F31FAE74E900B38429 /* BranchListViewController.swift in Sources */,
				9FE7D5F11FAE6B6400B38429 /* RoomInfoViewController.swift in Sources */,
				9FE7D5F51FAE750500B38429 /* EquipmentsListViewController.swift in Sources */,
				9FE7D5F71FAE751700B38429 /* MeetingRoomsListController.swift in Sources */,
				9FE7D5FB1FAE754100B38429 /* ReserveRoomViewController.swift in Sources */,
			);
			runOnlyForDeploymentPostprocessing = 0;
		};
/* End PBXSourcesBuildPhase section */

/* Begin PBXVariantGroup section */
		9F55A1881FAE345D00AC560C /* Main.storyboard */ = {
			isa = PBXVariantGroup;
			children = (
				9F55A1891FAE345D00AC560C /* Base */,
			);
			name = Main.storyboard;
			sourceTree = "<group>";
		};
		9F55A18D1FAE345D00AC560C /* LaunchScreen.storyboard */ = {
			isa = PBXVariantGroup;
			children = (
				9F55A18E1FAE345D00AC560C /* Base */,
			);
			name = LaunchScreen.storyboard;
			sourceTree = "<group>";
		};
/* End PBXVariantGroup section */

/* Begin XCBuildConfiguration section */
		9F55A1911FAE345D00AC560C /* Debug */ = {
			isa = XCBuildConfiguration;
			buildSettings = {
				ALWAYS_SEARCH_USER_PATHS = NO;
				CLANG_ANALYZER_NONNULL = YES;
				CLANG_ANALYZER_NUMBER_OBJECT_CONVERSION = YES_AGGRESSIVE;
				CLANG_CXX_LANGUAGE_STANDARD = "gnu++14";
				CLANG_CXX_LIBRARY = "libc++";
				CLANG_ENABLE_MODULES = YES;
				CLANG_ENABLE_OBJC_ARC = YES;
				CLANG_WARN_BLOCK_CAPTURE_AUTORELEASING = YES;
				CLANG_WARN_BOOL_CONVERSION = YES;
				CLANG_WARN_COMMA = YES;
				CLANG_WARN_CONSTANT_CONVERSION = YES;
				CLANG_WARN_DIRECT_OBJC_ISA_USAGE = YES_ERROR;
				CLANG_WARN_DOCUMENTATION_COMMENTS = YES;
				CLANG_WARN_EMPTY_BODY = YES;
				CLANG_WARN_ENUM_CONVERSION = YES;
				CLANG_WARN_INFINITE_RECURSION = YES;
				CLANG_WARN_INT_CONVERSION = YES;
				CLANG_WARN_NON_LITERAL_NULL_CONVERSION = YES;
				CLANG_WARN_OBJC_LITERAL_CONVERSION = YES;
				CLANG_WARN_OBJC_ROOT_CLASS = YES_ERROR;
				CLANG_WARN_RANGE_LOOP_ANALYSIS = YES;
				CLANG_WARN_STRICT_PROTOTYPES = YES;
				CLANG_WARN_SUSPICIOUS_MOVE = YES;
				CLANG_WARN_UNGUARDED_AVAILABILITY = YES_AGGRESSIVE;
				CLANG_WARN_UNREACHABLE_CODE = YES;
				CLANG_WARN__DUPLICATE_METHOD_MATCH = YES;
				CODE_SIGN_IDENTITY = "iPhone Developer";
				COPY_PHASE_STRIP = NO;
				DEBUG_INFORMATION_FORMAT = dwarf;
				ENABLE_STRICT_OBJC_MSGSEND = YES;
				ENABLE_TESTABILITY = YES;
				GCC_C_LANGUAGE_STANDARD = gnu11;
				GCC_DYNAMIC_NO_PIC = NO;
				GCC_NO_COMMON_BLOCKS = YES;
				GCC_OPTIMIZATION_LEVEL = 0;
				GCC_PREPROCESSOR_DEFINITIONS = (
					"DEBUG=1",
					"$(inherited)",
				);
				GCC_WARN_64_TO_32_BIT_CONVERSION = YES;
				GCC_WARN_ABOUT_RETURN_TYPE = YES_ERROR;
				GCC_WARN_UNDECLARED_SELECTOR = YES;
				GCC_WARN_UNINITIALIZED_AUTOS = YES_AGGRESSIVE;
				GCC_WARN_UNUSED_FUNCTION = YES;
				GCC_WARN_UNUSED_VARIABLE = YES;
				IPHONEOS_DEPLOYMENT_TARGET = 11.0;
				MTL_ENABLE_DEBUG_INFO = YES;
				ONLY_ACTIVE_ARCH = YES;
				SDKROOT = iphoneos;
				SWIFT_ACTIVE_COMPILATION_CONDITIONS = DEBUG;
				SWIFT_OPTIMIZATION_LEVEL = "-Onone";
			};
			name = Debug;
		};
		9F55A1921FAE345D00AC560C /* Release */ = {
			isa = XCBuildConfiguration;
			buildSettings = {
				ALWAYS_SEARCH_USER_PATHS = NO;
				CLANG_ANALYZER_NONNULL = YES;
				CLANG_ANALYZER_NUMBER_OBJECT_CONVERSION = YES_AGGRESSIVE;
				CLANG_CXX_LANGUAGE_STANDARD = "gnu++14";
				CLANG_CXX_LIBRARY = "libc++";
				CLANG_ENABLE_MODULES = YES;
				CLANG_ENABLE_OBJC_ARC = YES;
				CLANG_WARN_BLOCK_CAPTURE_AUTORELEASING = YES;
				CLANG_WARN_BOOL_CONVERSION = YES;
				CLANG_WARN_COMMA = YES;
				CLANG_WARN_CONSTANT_CONVERSION = YES;
				CLANG_WARN_DIRECT_OBJC_ISA_USAGE = YES_ERROR;
				CLANG_WARN_DOCUMENTATION_COMMENTS = YES;
				CLANG_WARN_EMPTY_BODY = YES;
				CLANG_WARN_ENUM_CONVERSION = YES;
				CLANG_WARN_INFINITE_RECURSION = YES;
				CLANG_WARN_INT_CONVERSION = YES;
				CLANG_WARN_NON_LITERAL_NULL_CONVERSION = YES;
				CLANG_WARN_OBJC_LITERAL_CONVERSION = YES;
				CLANG_WARN_OBJC_ROOT_CLASS = YES_ERROR;
				CLANG_WARN_RANGE_LOOP_ANALYSIS = YES;
				CLANG_WARN_STRICT_PROTOTYPES = YES;
				CLANG_WARN_SUSPICIOUS_MOVE = YES;
				CLANG_WARN_UNGUARDED_AVAILABILITY = YES_AGGRESSIVE;
				CLANG_WARN_UNREACHABLE_CODE = YES;
				CLANG_WARN__DUPLICATE_METHOD_MATCH = YES;
				CODE_SIGN_IDENTITY = "iPhone Developer";
				COPY_PHASE_STRIP = NO;
				DEBUG_INFORMATION_FORMAT = "dwarf-with-dsym";
				ENABLE_NS_ASSERTIONS = NO;
				ENABLE_STRICT_OBJC_MSGSEND = YES;
				GCC_C_LANGUAGE_STANDARD = gnu11;
				GCC_NO_COMMON_BLOCKS = YES;
				GCC_WARN_64_TO_32_BIT_CONVERSION = YES;
				GCC_WARN_ABOUT_RETURN_TYPE = YES_ERROR;
				GCC_WARN_UNDECLARED_SELECTOR = YES;
				GCC_WARN_UNINITIALIZED_AUTOS = YES_AGGRESSIVE;
				GCC_WARN_UNUSED_FUNCTION = YES;
				GCC_WARN_UNUSED_VARIABLE = YES;
				IPHONEOS_DEPLOYMENT_TARGET = 11.0;
				MTL_ENABLE_DEBUG_INFO = NO;
				SDKROOT = iphoneos;
				SWIFT_OPTIMIZATION_LEVEL = "-Owholemodule";
				VALIDATE_PRODUCT = YES;
			};
			name = Release;
		};
		9F55A1941FAE345D00AC560C /* Debug */ = {
			isa = XCBuildConfiguration;
			buildSettings = {
				ASSETCATALOG_COMPILER_APPICON_NAME = AppIcon;
				CODE_SIGN_STYLE = Automatic;
				DEVELOPMENT_TEAM = TZCQN9XXN6;
				INFOPLIST_FILE = MeetingRoomsDynamic/Info.plist;
				LD_RUNPATH_SEARCH_PATHS = "$(inherited) @executable_path/Frameworks";
				PRODUCT_BUNDLE_IDENTIFIER = com.InterfaceProgramming2.www.MeetingRoomsDynamic;
				PRODUCT_NAME = "$(TARGET_NAME)";
				SWIFT_VERSION = 4.0;
				TARGETED_DEVICE_FAMILY = "1,2";
			};
			name = Debug;
		};
		9F55A1951FAE345D00AC560C /* Release */ = {
			isa = XCBuildConfiguration;
			buildSettings = {
				ASSETCATALOG_COMPILER_APPICON_NAME = AppIcon;
				CODE_SIGN_STYLE = Automatic;
				DEVELOPMENT_TEAM = TZCQN9XXN6;
				INFOPLIST_FILE = MeetingRoomsDynamic/Info.plist;
				LD_RUNPATH_SEARCH_PATHS = "$(inherited) @executable_path/Frameworks";
				PRODUCT_BUNDLE_IDENTIFIER = com.InterfaceProgramming2.www.MeetingRoomsDynamic;
				PRODUCT_NAME = "$(TARGET_NAME)";
				SWIFT_VERSION = 4.0;
				TARGETED_DEVICE_FAMILY = "1,2";
			};
			name = Release;
		};
/* End XCBuildConfiguration section */

/* Begin XCConfigurationList section */
		9F55A17C1FAE345D00AC560C /* Build configuration list for PBXProject "MeetingRoomsDynamic" */ = {
			isa = XCConfigurationList;
			buildConfigurations = (
				9F55A1911FAE345D00AC560C /* Debug */,
				9F55A1921FAE345D00AC560C /* Release */,
			);
			defaultConfigurationIsVisible = 0;
			defaultConfigurationName = Release;
		};
		9F55A1931FAE345D00AC560C /* Build configuration list for PBXNativeTarget "MeetingRoomsDynamic" */ = {
			isa = XCConfigurationList;
			buildConfigurations = (
				9F55A1941FAE345D00AC560C /* Debug */,
				9F55A1951FAE345D00AC560C /* Release */,
			);
			defaultConfigurationIsVisible = 0;
			defaultConfigurationName = Release;
		};
/* End XCConfigurationList section */
	};
	rootObject = 9F55A1791FAE345D00AC560C /* Project object */;
}
