// !$*UTF8*$!
{
	archiveVersion = 1;
	classes = {
	};
	objectVersion = 48;
	objects = {

/* Begin PBXBuildFile section */
		9F01748C1FAE4B1F00F5006B /* Money.swift in Sources */ = {isa = PBXBuildFile; fileRef = 9F01748B1FAE4B1F00F5006B /* Money.swift */; };
		9FBA3A011FAE36230007E1D3 /* AppDelegate.swift in Sources */ = {isa = PBXBuildFile; fileRef = 9FBA3A001FAE36230007E1D3 /* AppDelegate.swift */; };
		9FBA3A031FAE36230007E1D3 /* ViewController.swift in Sources */ = {isa = PBXBuildFile; fileRef = 9FBA3A021FAE36230007E1D3 /* ViewController.swift */; };
		9FBA3A061FAE36230007E1D3 /* Main.storyboard in Resources */ = {isa = PBXBuildFile; fileRef = 9FBA3A041FAE36230007E1D3 /* Main.storyboard */; };
		9FBA3A081FAE36230007E1D3 /* Assets.xcassets in Resources */ = {isa = PBXBuildFile; fileRef = 9FBA3A071FAE36230007E1D3 /* Assets.xcassets */; };
		9FBA3A0B1FAE36230007E1D3 /* LaunchScreen.storyboard in Resources */ = {isa = PBXBuildFile; fileRef = 9FBA3A091FAE36230007E1D3 /* LaunchScreen.storyboard */; };
/* End PBXBuildFile section */

/* Begin PBXFileReference section */
		9F01748B1FAE4B1F00F5006B /* Money.swift */ = {isa = PBXFileReference; lastKnownFileType = sourcecode.swift; path = Money.swift; sourceTree = "<group>"; };
		9FBA39FD1FAE36230007E1D3 /* MoneyConverter.app */ = {isa = PBXFileReference; explicitFileType = wrapper.application; includeInIndex = 0; path = MoneyConverter.app; sourceTree = BUILT_PRODUCTS_DIR; };
		9FBA3A001FAE36230007E1D3 /* AppDelegate.swift */ = {isa = PBXFileReference; lastKnownFileType = sourcecode.swift; path = AppDelegate.swift; sourceTree = "<group>"; };
		9FBA3A021FAE36230007E1D3 /* ViewController.swift */ = {isa = PBXFileReference; lastKnownFileType = sourcecode.swift; path = ViewController.swift; sourceTree = "<group>"; };
		9FBA3A051FAE36230007E1D3 /* Base */ = {isa = PBXFileReference; lastKnownFileType = file.storyboard; name = Base; path = Base.lproj/Main.storyboard; sourceTree = "<group>"; };
		9FBA3A071FAE36230007E1D3 /* Assets.xcassets */ = {isa = PBXFileReference; lastKnownFileType = folder.assetcatalog; path = Assets.xcassets; sourceTree = "<group>"; };
		9FBA3A0A1FAE36230007E1D3 /* Base */ = {isa = PBXFileReference; lastKnownFileType = file.storyboard; name = Base; path = Base.lproj/LaunchScreen.storyboard; sourceTree = "<group>"; };
		9FBA3A0C1FAE36230007E1D3 /* Info.plist */ = {isa = PBXFileReference; lastKnownFileType = text.plist.xml; path = Info.plist; sourceTree = "<group>"; };
/* End PBXFileReference section */

/* Begin PBXFrameworksBuildPhase section */
		9FBA39FA1FAE36230007E1D3 /* Frameworks */ = {
			isa = PBXFrameworksBuildPhase;
			buildActionMask = 2147483647;
			files = (
			);
			runOnlyForDeploymentPostprocessing = 0;
		};
/* End PBXFrameworksBuildPhase section */

/* Begin PBXGroup section */
		9FBA39F41FAE36230007E1D3 = {
			isa = PBXGroup;
			children = (
				9FBA39FF1FAE36230007E1D3 /* MoneyConverter */,
				9FBA39FE1FAE36230007E1D3 /* Products */,
			);
			sourceTree = "<group>";
		};
		9FBA39FE1FAE36230007E1D3 /* Products */ = {
			isa = PBXGroup;
			children = (
				9FBA39FD1FAE36230007E1D3 /* MoneyConverter.app */,
			);
			name = Products;
			sourceTree = "<group>";
		};
		9FBA39FF1FAE36230007E1D3 /* MoneyConverter */ = {
			isa = PBXGroup;
			children = (
				9FBA3A001FAE36230007E1D3 /* AppDelegate.swift */,
				9FBA3A021FAE36230007E1D3 /* ViewController.swift */,
				9FBA3A041FAE36230007E1D3 /* Main.storyboard */,
				9F01748B1FAE4B1F00F5006B /* Money.swift */,
				9FBA3A071FAE36230007E1D3 /* Assets.xcassets */,
				9FBA3A091FAE36230007E1D3 /* LaunchScreen.storyboard */,
				9FBA3A0C1FAE36230007E1D3 /* Info.plist */,
			);
			path = MoneyConverter;
			sourceTree = "<group>";
		};
/* End PBXGroup section */

/* Begin PBXNativeTarget section */
		9FBA39FC1FAE36230007E1D3 /* MoneyConverter */ = {
			isa = PBXNativeTarget;
			buildConfigurationList = 9FBA3A0F1FAE36240007E1D3 /* Build configuration list for PBXNativeTarget "MoneyConverter" */;
			buildPhases = (
				9FBA39F91FAE36230007E1D3 /* Sources */,
				9FBA39FA1FAE36230007E1D3 /* Frameworks */,
				9FBA39FB1FAE36230007E1D3 /* Resources */,
			);
			buildRules = (
			);
			dependencies = (
			);
			name = MoneyConverter;
			productName = MoneyConverter;
			productReference = 9FBA39FD1FAE36230007E1D3 /* MoneyConverter.app */;
			productType = "com.apple.product-type.application";
		};
/* End PBXNativeTarget section */

/* Begin PBXProject section */
		9FBA39F51FAE36230007E1D3 /* Project object */ = {
			isa = PBXProject;
			attributes = {
				LastSwiftUpdateCheck = 0900;
				LastUpgradeCheck = 0900;
				ORGANIZATIONNAME = "Hakyung Noah";
				TargetAttributes = {
					9FBA39FC1FAE36230007E1D3 = {
						CreatedOnToolsVersion = 9.0;
						ProvisioningStyle = Automatic;
					};
				};
			};
			buildConfigurationList = 9FBA39F81FAE36230007E1D3 /* Build configuration list for PBXProject "MoneyConverter" */;
			compatibilityVersion = "Xcode 8.0";
			developmentRegion = en;
			hasScannedForEncodings = 0;
			knownRegions = (
				en,
				Base,
			);
			mainGroup = 9FBA39F41FAE36230007E1D3;
			productRefGroup = 9FBA39FE1FAE36230007E1D3 /* Products */;
			projectDirPath = "";
			projectRoot = "";
			targets = (
				9FBA39FC1FAE36230007E1D3 /* MoneyConverter */,
			);
		};
/* End PBXProject section */

/* Begin PBXResourcesBuildPhase section */
		9FBA39FB1FAE36230007E1D3 /* Resources */ = {
			isa = PBXResourcesBuildPhase;
			buildActionMask = 2147483647;
			files = (
				9FBA3A0B1FAE36230007E1D3 /* LaunchScreen.storyboard in Resources */,
				9FBA3A081FAE36230007E1D3 /* Assets.xcassets in Resources */,
				9FBA3A061FAE36230007E1D3 /* Main.storyboard in Resources */,
			);
			runOnlyForDeploymentPostprocessing = 0;
		};
/* End PBXResourcesBuildPhase section */

/* Begin PBXSourcesBuildPhase section */
		9FBA39F91FAE36230007E1D3 /* Sources */ = {
			isa = PBXSourcesBuildPhase;
			buildActionMask = 2147483647;
			files = (
				9F01748C1FAE4B1F00F5006B /* Money.swift in Sources */,
				9FBA3A031FAE36230007E1D3 /* ViewController.swift in Sources */,
				9FBA3A011FAE36230007E1D3 /* AppDelegate.swift in Sources */,
			);
			runOnlyForDeploymentPostprocessing = 0;
		};
/* End PBXSourcesBuildPhase section */

/* Begin PBXVariantGroup section */
		9FBA3A041FAE36230007E1D3 /* Main.storyboard */ = {
			isa = PBXVariantGroup;
			children = (
				9FBA3A051FAE36230007E1D3 /* Base */,
			);
			name = Main.storyboard;
			sourceTree = "<group>";
		};
		9FBA3A091FAE36230007E1D3 /* LaunchScreen.storyboard */ = {
			isa = PBXVariantGroup;
			children = (
				9FBA3A0A1FAE36230007E1D3 /* Base */,
			);
			name = LaunchScreen.storyboard;
			sourceTree = "<group>";
		};
/* End PBXVariantGroup section */

/* Begin XCBuildConfiguration section */
		9FBA3A0D1FAE36240007E1D3 /* Debug */ = {
			isa = XCBuildConfiguration;
			buildSettings = {
				ALWAYS_SEARCH_USER_PATHS = NO;
				CLANG_ANALYZER_NONNULL = YES;
				CLANG_ANALYZER_NUMBER_OBJECT_CONVERSION = YES_AGGRESSIVE;
				CLANG_CXX_LANGUAGE_STANDARD = "gnu++14";
				CLANG_CXX_LIBRARY = "libc++";
				CLANG_ENABLE_MODULES = YES;
				CLANG_ENABLE_OBJC_ARC = YES;
				CLANG_WARN_BLOCK_CAPTURE_AUTORELEASING = YES;
				CLANG_WARN_BOOL_CONVERSION = YES;
				CLANG_WARN_COMMA = YES;
				CLANG_WARN_CONSTANT_CONVERSION = YES;
				CLANG_WARN_DIRECT_OBJC_ISA_USAGE = YES_ERROR;
				CLANG_WARN_DOCUMENTATION_COMMENTS = YES;
				CLANG_WARN_EMPTY_BODY = YES;
				CLANG_WARN_ENUM_CONVERSION = YES;
				CLANG_WARN_INFINITE_RECURSION = YES;
				CLANG_WARN_INT_CONVERSION = YES;
				CLANG_WARN_NON_LITERAL_NULL_CONVERSION = YES;
				CLANG_WARN_OBJC_LITERAL_CONVERSION = YES;
				CLANG_WARN_OBJC_ROOT_CLASS = YES_ERROR;
				CLANG_WARN_RANGE_LOOP_ANALYSIS = YES;
				CLANG_WARN_STRICT_PROTOTYPES = YES;
				CLANG_WARN_SUSPICIOUS_MOVE = YES;
				CLANG_WARN_UNGUARDED_AVAILABILITY = YES_AGGRESSIVE;
				CLANG_WARN_UNREACHABLE_CODE = YES;
				CLANG_WARN__DUPLICATE_METHOD_MATCH = YES;
				CODE_SIGN_IDENTITY = "iPhone Developer";
				COPY_PHASE_STRIP = NO;
				DEBUG_INFORMATION_FORMAT = dwarf;
				ENABLE_STRICT_OBJC_MSGSEND = YES;
				ENABLE_TESTABILITY = YES;
				GCC_C_LANGUAGE_STANDARD = gnu11;
				GCC_DYNAMIC_NO_PIC = NO;
				GCC_NO_COMMON_BLOCKS = YES;
				GCC_OPTIMIZATION_LEVEL = 0;
				GCC_PREPROCESSOR_DEFINITIONS = (
					"DEBUG=1",
					"$(inherited)",
				);
				GCC_WARN_64_TO_32_BIT_CONVERSION = YES;
				GCC_WARN_ABOUT_RETURN_TYPE = YES_ERROR;
				GCC_WARN_UNDECLARED_SELECTOR = YES;
				GCC_WARN_UNINITIALIZED_AUTOS = YES_AGGRESSIVE;
				GCC_WARN_UNUSED_FUNCTION = YES;
				GCC_WARN_UNUSED_VARIABLE = YES;
				IPHONEOS_DEPLOYMENT_TARGET = 11.0;
				MTL_ENABLE_DEBUG_INFO = YES;
				ONLY_ACTIVE_ARCH = YES;
				SDKROOT = iphoneos;
				SWIFT_ACTIVE_COMPILATION_CONDITIONS = DEBUG;
				SWIFT_OPTIMIZATION_LEVEL = "-Onone";
			};
			name = Debug;
		};
		9FBA3A0E1FAE36240007E1D3 /* Release */ = {
			isa = XCBuildConfiguration;
			buildSettings = {
				ALWAYS_SEARCH_USER_PATHS = NO;
				CLANG_ANALYZER_NONNULL = YES;
				CLANG_ANALYZER_NUMBER_OBJECT_CONVERSION = YES_AGGRESSIVE;
				CLANG_CXX_LANGUAGE_STANDARD = "gnu++14";
				CLANG_CXX_LIBRARY = "libc++";
				CLANG_ENABLE_MODULES = YES;
				CLANG_ENABLE_OBJC_ARC = YES;
				CLANG_WARN_BLOCK_CAPTURE_AUTORELEASING = YES;
				CLANG_WARN_BOOL_CONVERSION = YES;
				CLANG_WARN_COMMA = YES;
				CLANG_WARN_CONSTANT_CONVERSION = YES;
				CLANG_WARN_DIRECT_OBJC_ISA_USAGE = YES_ERROR;
				CLANG_WARN_DOCUMENTATION_COMMENTS = YES;
				CLANG_WARN_EMPTY_BODY = YES;
				CLANG_WARN_ENUM_CONVERSION = YES;
				CLANG_WARN_INFINITE_RECURSION = YES;
				CLANG_WARN_INT_CONVERSION = YES;
				CLANG_WARN_NON_LITERAL_NULL_CONVERSION = YES;
				CLANG_WARN_OBJC_LITERAL_CONVERSION = YES;
				CLANG_WARN_OBJC_ROOT_CLASS = YES_ERROR;
				CLANG_WARN_RANGE_LOOP_ANALYSIS = YES;
				CLANG_WARN_STRICT_PROTOTYPES = YES;
				CLANG_WARN_SUSPICIOUS_MOVE = YES;
				CLANG_WARN_UNGUARDED_AVAILABILITY = YES_AGGRESSIVE;
				CLANG_WARN_UNREACHABLE_CODE = YES;
				CLANG_WARN__DUPLICATE_METHOD_MATCH = YES;
				CODE_SIGN_IDENTITY = "iPhone Developer";
				COPY_PHASE_STRIP = NO;
				DEBUG_INFORMATION_FORMAT = "dwarf-with-dsym";
				ENABLE_NS_ASSERTIONS = NO;
				ENABLE_STRICT_OBJC_MSGSEND = YES;
				GCC_C_LANGUAGE_STANDARD = gnu11;
				GCC_NO_COMMON_BLOCKS = YES;
				GCC_WARN_64_TO_32_BIT_CONVERSION = YES;
				GCC_WARN_ABOUT_RETURN_TYPE = YES_ERROR;
				GCC_WARN_UNDECLARED_SELECTOR = YES;
				GCC_WARN_UNINITIALIZED_AUTOS = YES_AGGRESSIVE;
				GCC_WARN_UNUSED_FUNCTION = YES;
				GCC_WARN_UNUSED_VARIABLE = YES;
				IPHONEOS_DEPLOYMENT_TARGET = 11.0;
				MTL_ENABLE_DEBUG_INFO = NO;
				SDKROOT = iphoneos;
				SWIFT_OPTIMIZATION_LEVEL = "-Owholemodule";
				VALIDATE_PRODUCT = YES;
			};
			name = Release;
		};
		9FBA3A101FAE36240007E1D3 /* Debug */ = {
			isa = XCBuildConfiguration;
			buildSettings = {
				ASSETCATALOG_COMPILER_APPICON_NAME = AppIcon;
				CODE_SIGN_STYLE = Automatic;
				DEVELOPMENT_TEAM = TZCQN9XXN6;
				INFOPLIST_FILE = MoneyConverter/Info.plist;
				LD_RUNPATH_SEARCH_PATHS = "$(inherited) @executable_path/Frameworks";
				PRODUCT_BUNDLE_IDENTIFIER = com.InterfaceProgramming2.www.MoneyConverter;
				PRODUCT_NAME = "$(TARGET_NAME)";
				SWIFT_VERSION = 4.0;
				TARGETED_DEVICE_FAMILY = "1,2";
			};
			name = Debug;
		};
		9FBA3A111FAE36240007E1D3 /* Release */ = {
			isa = XCBuildConfiguration;
			buildSettings = {
				ASSETCATALOG_COMPILER_APPICON_NAME = AppIcon;
				CODE_SIGN_STYLE = Automatic;
				DEVELOPMENT_TEAM = TZCQN9XXN6;
				INFOPLIST_FILE = MoneyConverter/Info.plist;
				LD_RUNPATH_SEARCH_PATHS = "$(inherited) @executable_path/Frameworks";
				PRODUCT_BUNDLE_IDENTIFIER = com.InterfaceProgramming2.www.MoneyConverter;
				PRODUCT_NAME = "$(TARGET_NAME)";
				SWIFT_VERSION = 4.0;
				TARGETED_DEVICE_FAMILY = "1,2";
			};
			name = Release;
		};
/* End XCBuildConfiguration section */

/* Begin XCConfigurationList section */
		9FBA39F81FAE36230007E1D3 /* Build configuration list for PBXProject "MoneyConverter" */ = {
			isa = XCConfigurationList;
			buildConfigurations = (
				9FBA3A0D1FAE36240007E1D3 /* Debug */,
				9FBA3A0E1FAE36240007E1D3 /* Release */,
			);
			defaultConfigurationIsVisible = 0;
			defaultConfigurationName = Release;
		};
		9FBA3A0F1FAE36240007E1D3 /* Build configuration list for PBXNativeTarget "MoneyConverter" */ = {
			isa = XCConfigurationList;
			buildConfigurations = (
				9FBA3A101FAE36240007E1D3 /* Debug */,
				9FBA3A111FAE36240007E1D3 /* Release */,
			);
			defaultConfigurationIsVisible = 0;
			defaultConfigurationName = Release;
		};
/* End XCConfigurationList section */
	};
	rootObject = 9FBA39F51FAE36230007E1D3 /* Project object */;
}
